// !$*UTF8*$!
{
	archiveVersion = 1;
	classes = {
	};
	objectVersion = 46;
	objects = {

/* Begin PBXBuildFile section */
		EE5038AE1755DB0F007F5E47 /* UIKit.framework in Frameworks */ = {isa = PBXBuildFile; fileRef = EE5038AD1755DB0F007F5E47 /* UIKit.framework */; };
		EE5038B01755DB0F007F5E47 /* Foundation.framework in Frameworks */ = {isa = PBXBuildFile; fileRef = EE5038AF1755DB0F007F5E47 /* Foundation.framework */; };
		EE5038B21755DB0F007F5E47 /* CoreGraphics.framework in Frameworks */ = {isa = PBXBuildFile; fileRef = EE5038B11755DB0F007F5E47 /* CoreGraphics.framework */; };
		EE5038B81755DB0F007F5E47 /* InfoPlist.strings in Resources */ = {isa = PBXBuildFile; fileRef = EE5038B61755DB0F007F5E47 /* InfoPlist.strings */; };
		EE5038BA1755DB0F007F5E47 /* main.m in Sources */ = {isa = PBXBuildFile; fileRef = EE5038B91755DB0F007F5E47 /* main.m */; };
		EE5038BE1755DB0F007F5E47 /* NAAppDelegate.m in Sources */ = {isa = PBXBuildFile; fileRef = EE5038BD1755DB0F007F5E47 /* NAAppDelegate.m */; };
		EE5038C01755DB10007F5E47 /* Default.png in Resources */ = {isa = PBXBuildFile; fileRef = EE5038BF1755DB10007F5E47 /* Default.png */; };
		EE5038C21755DB10007F5E47 /* Default@2x.png in Resources */ = {isa = PBXBuildFile; fileRef = EE5038C11755DB10007F5E47 /* Default@2x.png */; };
		EE5038C41755DB10007F5E47 /* Default-568h@2x.png in Resources */ = {isa = PBXBuildFile; fileRef = EE5038C31755DB10007F5E47 /* Default-568h@2x.png */; };
		EE5038C71755DB10007F5E47 /* NAViewController.m in Sources */ = {isa = PBXBuildFile; fileRef = EE5038C61755DB10007F5E47 /* NAViewController.m */; };
		EE5038CA1755DB10007F5E47 /* NAViewController_iPhone.xib in Resources */ = {isa = PBXBuildFile; fileRef = EE5038C81755DB10007F5E47 /* NAViewController_iPhone.xib */; };
		EE5038CD1755DB10007F5E47 /* NAViewController_iPad.xib in Resources */ = {isa = PBXBuildFile; fileRef = EE5038CB1755DB10007F5E47 /* NAViewController_iPad.xib */; };
		EE5038D71755E029007F5E47 /* Network.m in Sources */ = {isa = PBXBuildFile; fileRef = EE5038D61755E029007F5E47 /* Network.m */; };
		EE503A671756EF53007F5E47 /* CFNetwork.framework in Frameworks */ = {isa = PBXBuildFile; fileRef = EE503A661756EF53007F5E47 /* CFNetwork.framework */; };
		EE503A691756EFE8007F5E47 /* Security.framework in Frameworks */ = {isa = PBXBuildFile; fileRef = EE503A681756EFE8007F5E47 /* Security.framework */; };
		EE503AA01756F7F4007F5E47 /* AsyncSocket.m in Sources */ = {isa = PBXBuildFile; fileRef = EE503A881756F7F4007F5E47 /* AsyncSocket.m */; };
		EE503AA11756F7F4007F5E47 /* AsyncUdpSocket.m in Sources */ = {isa = PBXBuildFile; fileRef = EE503A8A1756F7F4007F5E47 /* AsyncUdpSocket.m */; };
		EE503AA21756F7F4007F5E47 /* GCDAsyncSocket.m in Sources */ = {isa = PBXBuildFile; fileRef = EE503A8C1756F7F4007F5E47 /* GCDAsyncSocket.m */; };
		EE503AA31756F7F4007F5E47 /* GCDAsyncUdpSocket.m in Sources */ = {isa = PBXBuildFile; fileRef = EE503A8E1756F7F4007F5E47 /* GCDAsyncUdpSocket.m */; };
		EE503AA41756F7F4007F5E47 /* DDAbstractDatabaseLogger.m in Sources */ = {isa = PBXBuildFile; fileRef = EE503A911756F7F4007F5E47 /* DDAbstractDatabaseLogger.m */; };
		EE503AA51756F7F4007F5E47 /* DDASLLogger.m in Sources */ = {isa = PBXBuildFile; fileRef = EE503A931756F7F4007F5E47 /* DDASLLogger.m */; };
		EE503AA61756F7F4007F5E47 /* DDFileLogger.m in Sources */ = {isa = PBXBuildFile; fileRef = EE503A951756F7F4007F5E47 /* DDFileLogger.m */; };
		EE503AA71756F7F4007F5E47 /* DDLog.m in Sources */ = {isa = PBXBuildFile; fileRef = EE503A971756F7F4007F5E47 /* DDLog.m */; };
		EE503AA81756F7F4007F5E47 /* DDTTYLogger.m in Sources */ = {isa = PBXBuildFile; fileRef = EE503A991756F7F4007F5E47 /* DDTTYLogger.m */; };
		EE503AA91756F7F4007F5E47 /* ContextFilterLogFormatter.m in Sources */ = {isa = PBXBuildFile; fileRef = EE503A9C1756F7F4007F5E47 /* ContextFilterLogFormatter.m */; };
		EE503AAA1756F7F4007F5E47 /* DispatchQueueLogFormatter.m in Sources */ = {isa = PBXBuildFile; fileRef = EE503A9E1756F7F4007F5E47 /* DispatchQueueLogFormatter.m */; };
		EE503AAB1756F7F4007F5E47 /* README.txt in Resources */ = {isa = PBXBuildFile; fileRef = EE503A9F1756F7F4007F5E47 /* README.txt */; };
/* End PBXBuildFile section */

/* Begin PBXFileReference section */
		EE5038AA1755DB0F007F5E47 /* NasAssistant.app */ = {isa = PBXFileReference; explicitFileType = wrapper.application; includeInIndex = 0; path = NasAssistant.app; sourceTree = BUILT_PRODUCTS_DIR; };
		EE5038AD1755DB0F007F5E47 /* UIKit.framework */ = {isa = PBXFileReference; lastKnownFileType = wrapper.framework; name = UIKit.framework; path = System/Library/Frameworks/UIKit.framework; sourceTree = SDKROOT; };
		EE5038AF1755DB0F007F5E47 /* Foundation.framework */ = {isa = PBXFileReference; lastKnownFileType = wrapper.framework; name = Foundation.framework; path = System/Library/Frameworks/Foundation.framework; sourceTree = SDKROOT; };
		EE5038B11755DB0F007F5E47 /* CoreGraphics.framework */ = {isa = PBXFileReference; lastKnownFileType = wrapper.framework; name = CoreGraphics.framework; path = System/Library/Frameworks/CoreGraphics.framework; sourceTree = SDKROOT; };
		EE5038B51755DB0F007F5E47 /* NasAssistant-Info.plist */ = {isa = PBXFileReference; lastKnownFileType = text.plist.xml; path = "NasAssistant-Info.plist"; sourceTree = "<group>"; };
		EE5038B71755DB0F007F5E47 /* en */ = {isa = PBXFileReference; lastKnownFileType = text.plist.strings; name = en; path = en.lproj/InfoPlist.strings; sourceTree = "<group>"; };
		EE5038B91755DB0F007F5E47 /* main.m */ = {isa = PBXFileReference; lastKnownFileType = sourcecode.c.objc; path = main.m; sourceTree = "<group>"; };
		EE5038BB1755DB0F007F5E47 /* NasAssistant-Prefix.pch */ = {isa = PBXFileReference; lastKnownFileType = sourcecode.c.h; path = "NasAssistant-Prefix.pch"; sourceTree = "<group>"; };
		EE5038BC1755DB0F007F5E47 /* NAAppDelegate.h */ = {isa = PBXFileReference; lastKnownFileType = sourcecode.c.h; path = NAAppDelegate.h; sourceTree = "<group>"; };
		EE5038BD1755DB0F007F5E47 /* NAAppDelegate.m */ = {isa = PBXFileReference; lastKnownFileType = sourcecode.c.objc; path = NAAppDelegate.m; sourceTree = "<group>"; };
		EE5038BF1755DB10007F5E47 /* Default.png */ = {isa = PBXFileReference; lastKnownFileType = image.png; path = Default.png; sourceTree = "<group>"; };
		EE5038C11755DB10007F5E47 /* Default@2x.png */ = {isa = PBXFileReference; lastKnownFileType = image.png; path = "Default@2x.png"; sourceTree = "<group>"; };
		EE5038C31755DB10007F5E47 /* Default-568h@2x.png */ = {isa = PBXFileReference; lastKnownFileType = image.png; path = "Default-568h@2x.png"; sourceTree = "<group>"; };
		EE5038C51755DB10007F5E47 /* NAViewController.h */ = {isa = PBXFileReference; lastKnownFileType = sourcecode.c.h; path = NAViewController.h; sourceTree = "<group>"; };
		EE5038C61755DB10007F5E47 /* NAViewController.m */ = {isa = PBXFileReference; lastKnownFileType = sourcecode.c.objc; path = NAViewController.m; sourceTree = "<group>"; };
		EE5038C91755DB10007F5E47 /* en */ = {isa = PBXFileReference; lastKnownFileType = file.xib; name = en; path = en.lproj/NAViewController_iPhone.xib; sourceTree = "<group>"; };
		EE5038CC1755DB10007F5E47 /* en */ = {isa = PBXFileReference; lastKnownFileType = file.xib; name = en; path = en.lproj/NAViewController_iPad.xib; sourceTree = "<group>"; };
		EE5038D51755E029007F5E47 /* Network.h */ = {isa = PBXFileReference; fileEncoding = 4; lastKnownFileType = sourcecode.c.h; path = Network.h; sourceTree = "<group>"; };
		EE5038D61755E029007F5E47 /* Network.m */ = {isa = PBXFileReference; fileEncoding = 4; lastKnownFileType = sourcecode.c.objc; path = Network.m; sourceTree = "<group>"; };
		EE503A661756EF53007F5E47 /* CFNetwork.framework */ = {isa = PBXFileReference; lastKnownFileType = wrapper.framework; name = CFNetwork.framework; path = System/Library/Frameworks/CFNetwork.framework; sourceTree = SDKROOT; };
		EE503A681756EFE8007F5E47 /* Security.framework */ = {isa = PBXFileReference; lastKnownFileType = wrapper.framework; name = Security.framework; path = System/Library/Frameworks/Security.framework; sourceTree = SDKROOT; };
		EE503A871756F7F4007F5E47 /* AsyncSocket.h */ = {isa = PBXFileReference; fileEncoding = 4; lastKnownFileType = sourcecode.c.h; path = AsyncSocket.h; sourceTree = "<group>"; };
		EE503A881756F7F4007F5E47 /* AsyncSocket.m */ = {isa = PBXFileReference; fileEncoding = 4; lastKnownFileType = sourcecode.c.objc; path = AsyncSocket.m; sourceTree = "<group>"; };
		EE503A891756F7F4007F5E47 /* AsyncUdpSocket.h */ = {isa = PBXFileReference; fileEncoding = 4; lastKnownFileType = sourcecode.c.h; path = AsyncUdpSocket.h; sourceTree = "<group>"; };
		EE503A8A1756F7F4007F5E47 /* AsyncUdpSocket.m */ = {isa = PBXFileReference; fileEncoding = 4; lastKnownFileType = sourcecode.c.objc; path = AsyncUdpSocket.m; sourceTree = "<group>"; };
		EE503A8B1756F7F4007F5E47 /* GCDAsyncSocket.h */ = {isa = PBXFileReference; fileEncoding = 4; lastKnownFileType = sourcecode.c.h; path = GCDAsyncSocket.h; sourceTree = "<group>"; };
		EE503A8C1756F7F4007F5E47 /* GCDAsyncSocket.m */ = {isa = PBXFileReference; fileEncoding = 4; lastKnownFileType = sourcecode.c.objc; path = GCDAsyncSocket.m; sourceTree = "<group>"; };
		EE503A8D1756F7F4007F5E47 /* GCDAsyncUdpSocket.h */ = {isa = PBXFileReference; fileEncoding = 4; lastKnownFileType = sourcecode.c.h; path = GCDAsyncUdpSocket.h; sourceTree = "<group>"; };
		EE503A8E1756F7F4007F5E47 /* GCDAsyncUdpSocket.m */ = {isa = PBXFileReference; fileEncoding = 4; lastKnownFileType = sourcecode.c.objc; path = GCDAsyncUdpSocket.m; sourceTree = "<group>"; };
		EE503A901756F7F4007F5E47 /* DDAbstractDatabaseLogger.h */ = {isa = PBXFileReference; fileEncoding = 4; lastKnownFileType = sourcecode.c.h; path = DDAbstractDatabaseLogger.h; sourceTree = "<group>"; };
		EE503A911756F7F4007F5E47 /* DDAbstractDatabaseLogger.m */ = {isa = PBXFileReference; fileEncoding = 4; lastKnownFileType = sourcecode.c.objc; path = DDAbstractDatabaseLogger.m; sourceTree = "<group>"; };
		EE503A921756F7F4007F5E47 /* DDASLLogger.h */ = {isa = PBXFileReference; fileEncoding = 4; lastKnownFileType = sourcecode.c.h; path = DDASLLogger.h; sourceTree = "<group>"; };
		EE503A931756F7F4007F5E47 /* DDASLLogger.m */ = {isa = PBXFileReference; fileEncoding = 4; lastKnownFileType = sourcecode.c.objc; path = DDASLLogger.m; sourceTree = "<group>"; };
		EE503A941756F7F4007F5E47 /* DDFileLogger.h */ = {isa = PBXFileReference; fileEncoding = 4; lastKnownFileType = sourcecode.c.h; path = DDFileLogger.h; sourceTree = "<group>"; };
		EE503A951756F7F4007F5E47 /* DDFileLogger.m */ = {isa = PBXFileReference; fileEncoding = 4; lastKnownFileType = sourcecode.c.objc; path = DDFileLogger.m; sourceTree = "<group>"; };
		EE503A961756F7F4007F5E47 /* DDLog.h */ = {isa = PBXFileReference; fileEncoding = 4; lastKnownFileType = sourcecode.c.h; path = DDLog.h; sourceTree = "<group>"; };
		EE503A971756F7F4007F5E47 /* DDLog.m */ = {isa = PBXFileReference; fileEncoding = 4; lastKnownFileType = sourcecode.c.objc; path = DDLog.m; sourceTree = "<group>"; };
		EE503A981756F7F4007F5E47 /* DDTTYLogger.h */ = {isa = PBXFileReference; fileEncoding = 4; lastKnownFileType = sourcecode.c.h; path = DDTTYLogger.h; sourceTree = "<group>"; };
		EE503A991756F7F4007F5E47 /* DDTTYLogger.m */ = {isa = PBXFileReference; fileEncoding = 4; lastKnownFileType = sourcecode.c.objc; path = DDTTYLogger.m; sourceTree = "<group>"; };
		EE503A9B1756F7F4007F5E47 /* ContextFilterLogFormatter.h */ = {isa = PBXFileReference; fileEncoding = 4; lastKnownFileType = sourcecode.c.h; path = ContextFilterLogFormatter.h; sourceTree = "<group>"; };
		EE503A9C1756F7F4007F5E47 /* ContextFilterLogFormatter.m */ = {isa = PBXFileReference; fileEncoding = 4; lastKnownFileType = sourcecode.c.objc; path = ContextFilterLogFormatter.m; sourceTree = "<group>"; };
		EE503A9D1756F7F4007F5E47 /* DispatchQueueLogFormatter.h */ = {isa = PBXFileReference; fileEncoding = 4; lastKnownFileType = sourcecode.c.h; path = DispatchQueueLogFormatter.h; sourceTree = "<group>"; };
		EE503A9E1756F7F4007F5E47 /* DispatchQueueLogFormatter.m */ = {isa = PBXFileReference; fileEncoding = 4; lastKnownFileType = sourcecode.c.objc; path = DispatchQueueLogFormatter.m; sourceTree = "<group>"; };
		EE503A9F1756F7F4007F5E47 /* README.txt */ = {isa = PBXFileReference; fileEncoding = 4; lastKnownFileType = text; path = README.txt; sourceTree = "<group>"; };
/* End PBXFileReference section */

/* Begin PBXFrameworksBuildPhase section */
		EE5038A71755DB0F007F5E47 /* Frameworks */ = {
			isa = PBXFrameworksBuildPhase;
			buildActionMask = 2147483647;
			files = (
				EE503A691756EFE8007F5E47 /* Security.framework in Frameworks */,
				EE503A671756EF53007F5E47 /* CFNetwork.framework in Frameworks */,
				EE5038AE1755DB0F007F5E47 /* UIKit.framework in Frameworks */,
				EE5038B01755DB0F007F5E47 /* Foundation.framework in Frameworks */,
				EE5038B21755DB0F007F5E47 /* CoreGraphics.framework in Frameworks */,
			);
			runOnlyForDeploymentPostprocessing = 0;
		};
/* End PBXFrameworksBuildPhase section */

/* Begin PBXGroup section */
		EE5038A11755DB0F007F5E47 = {
			isa = PBXGroup;
			children = (
				EE5038B31755DB0F007F5E47 /* NasAssistant */,
				EE5038AC1755DB0F007F5E47 /* Frameworks */,
				EE5038AB1755DB0F007F5E47 /* Products */,
			);
			sourceTree = "<group>";
		};
		EE5038AB1755DB0F007F5E47 /* Products */ = {
			isa = PBXGroup;
			children = (
				EE5038AA1755DB0F007F5E47 /* NasAssistant.app */,
			);
			name = Products;
			sourceTree = "<group>";
		};
		EE5038AC1755DB0F007F5E47 /* Frameworks */ = {
			isa = PBXGroup;
			children = (
				EE503A681756EFE8007F5E47 /* Security.framework */,
				EE503A661756EF53007F5E47 /* CFNetwork.framework */,
				EE5038AD1755DB0F007F5E47 /* UIKit.framework */,
				EE5038AF1755DB0F007F5E47 /* Foundation.framework */,
				EE5038B11755DB0F007F5E47 /* CoreGraphics.framework */,
			);
			name = Frameworks;
			sourceTree = "<group>";
		};
		EE5038B31755DB0F007F5E47 /* NasAssistant */ = {
			isa = PBXGroup;
			children = (
				EE503A851756F7F4007F5E47 /* Vendor */,
				EE5038D31755DC8E007F5E47 /* Library */,
				EE5038D41755DC8E007F5E47 /* Resource */,
				EE5038BC1755DB0F007F5E47 /* NAAppDelegate.h */,
				EE5038BD1755DB0F007F5E47 /* NAAppDelegate.m */,
				EE5038C51755DB10007F5E47 /* NAViewController.h */,
				EE5038C61755DB10007F5E47 /* NAViewController.m */,
				EE5038C81755DB10007F5E47 /* NAViewController_iPhone.xib */,
				EE5038CB1755DB10007F5E47 /* NAViewController_iPad.xib */,
				EE5038B41755DB0F007F5E47 /* Supporting Files */,
			);
			path = NasAssistant;
			sourceTree = "<group>";
		};
		EE5038B41755DB0F007F5E47 /* Supporting Files */ = {
			isa = PBXGroup;
			children = (
				EE5038B51755DB0F007F5E47 /* NasAssistant-Info.plist */,
				EE5038B61755DB0F007F5E47 /* InfoPlist.strings */,
				EE5038B91755DB0F007F5E47 /* main.m */,
				EE5038BB1755DB0F007F5E47 /* NasAssistant-Prefix.pch */,
				EE5038BF1755DB10007F5E47 /* Default.png */,
				EE5038C11755DB10007F5E47 /* Default@2x.png */,
				EE5038C31755DB10007F5E47 /* Default-568h@2x.png */,
			);
			name = "Supporting Files";
			sourceTree = "<group>";
		};
		EE5038D31755DC8E007F5E47 /* Library */ = {
			isa = PBXGroup;
			children = (
				EE5038D51755E029007F5E47 /* Network.h */,
				EE5038D61755E029007F5E47 /* Network.m */,
			);
			path = Library;
			sourceTree = "<group>";
		};
		EE5038D41755DC8E007F5E47 /* Resource */ = {
			isa = PBXGroup;
			children = (
			);
			path = Resource;
			sourceTree = "<group>";
		};
		EE503A851756F7F4007F5E47 /* Vendor */ = {
			isa = PBXGroup;
			children = (
				EE503A861756F7F4007F5E47 /* CocoaAsyncSocket */,
				EE503A8F1756F7F4007F5E47 /* Lumberjack */,
			);
			path = Vendor;
			sourceTree = "<group>";
		};
		EE503A861756F7F4007F5E47 /* CocoaAsyncSocket */ = {
			isa = PBXGroup;
			children = (
				EE503A871756F7F4007F5E47 /* AsyncSocket.h */,
				EE503A881756F7F4007F5E47 /* AsyncSocket.m */,
				EE503A891756F7F4007F5E47 /* AsyncUdpSocket.h */,
				EE503A8A1756F7F4007F5E47 /* AsyncUdpSocket.m */,
				EE503A8B1756F7F4007F5E47 /* GCDAsyncSocket.h */,
				EE503A8C1756F7F4007F5E47 /* GCDAsyncSocket.m */,
				EE503A8D1756F7F4007F5E47 /* GCDAsyncUdpSocket.h */,
				EE503A8E1756F7F4007F5E47 /* GCDAsyncUdpSocket.m */,
			);
			path = CocoaAsyncSocket;
			sourceTree = "<group>";
		};
		EE503A8F1756F7F4007F5E47 /* Lumberjack */ = {
			isa = PBXGroup;
			children = (
				EE503A901756F7F4007F5E47 /* DDAbstractDatabaseLogger.h */,
				EE503A911756F7F4007F5E47 /* DDAbstractDatabaseLogger.m */,
				EE503A921756F7F4007F5E47 /* DDASLLogger.h */,
				EE503A931756F7F4007F5E47 /* DDASLLogger.m */,
				EE503A941756F7F4007F5E47 /* DDFileLogger.h */,
				EE503A951756F7F4007F5E47 /* DDFileLogger.m */,
				EE503A961756F7F4007F5E47 /* DDLog.h */,
				EE503A971756F7F4007F5E47 /* DDLog.m */,
				EE503A981756F7F4007F5E47 /* DDTTYLogger.h */,
				EE503A991756F7F4007F5E47 /* DDTTYLogger.m */,
				EE503A9A1756F7F4007F5E47 /* Extensions */,
			);
			path = Lumberjack;
			sourceTree = "<group>";
		};
		EE503A9A1756F7F4007F5E47 /* Extensions */ = {
			isa = PBXGroup;
			children = (
				EE503A9B1756F7F4007F5E47 /* ContextFilterLogFormatter.h */,
				EE503A9C1756F7F4007F5E47 /* ContextFilterLogFormatter.m */,
				EE503A9D1756F7F4007F5E47 /* DispatchQueueLogFormatter.h */,
				EE503A9E1756F7F4007F5E47 /* DispatchQueueLogFormatter.m */,
				EE503A9F1756F7F4007F5E47 /* README.txt */,
			);
			path = Extensions;
			sourceTree = "<group>";
		};
/* End PBXGroup section */

/* Begin PBXNativeTarget section */
		EE5038A91755DB0F007F5E47 /* NasAssistant */ = {
			isa = PBXNativeTarget;
			buildConfigurationList = EE5038D01755DB10007F5E47 /* Build configuration list for PBXNativeTarget "NasAssistant" */;
			buildPhases = (
				EE5038A61755DB0F007F5E47 /* Sources */,
				EE5038A71755DB0F007F5E47 /* Frameworks */,
				EE5038A81755DB0F007F5E47 /* Resources */,
			);
			buildRules = (
			);
			dependencies = (
			);
			name = NasAssistant;
			productName = NasAssistant;
			productReference = EE5038AA1755DB0F007F5E47 /* NasAssistant.app */;
			productType = "com.apple.product-type.application";
		};
/* End PBXNativeTarget section */

/* Begin PBXProject section */
		EE5038A21755DB0F007F5E47 /* Project object */ = {
			isa = PBXProject;
			attributes = {
				CLASSPREFIX = NA;
				LastUpgradeCheck = 0460;
				ORGANIZATIONNAME = baroqueworkshop;
			};
			buildConfigurationList = EE5038A51755DB0F007F5E47 /* Build configuration list for PBXProject "NasAssistant" */;
			compatibilityVersion = "Xcode 3.2";
			developmentRegion = English;
			hasScannedForEncodings = 0;
			knownRegions = (
				en,
				English,
			);
			mainGroup = EE5038A11755DB0F007F5E47;
			productRefGroup = EE5038AB1755DB0F007F5E47 /* Products */;
			projectDirPath = "";
			projectRoot = "";
			targets = (
				EE5038A91755DB0F007F5E47 /* NasAssistant */,
			);
		};
/* End PBXProject section */

/* Begin PBXResourcesBuildPhase section */
		EE5038A81755DB0F007F5E47 /* Resources */ = {
			isa = PBXResourcesBuildPhase;
			buildActionMask = 2147483647;
			files = (
				EE5038B81755DB0F007F5E47 /* InfoPlist.strings in Resources */,
				EE5038C01755DB10007F5E47 /* Default.png in Resources */,
				EE5038C21755DB10007F5E47 /* Default@2x.png in Resources */,
				EE5038C41755DB10007F5E47 /* Default-568h@2x.png in Resources */,
				EE5038CA1755DB10007F5E47 /* NAViewController_iPhone.xib in Resources */,
				EE5038CD1755DB10007F5E47 /* NAViewController_iPad.xib in Resources */,
				EE503AAB1756F7F4007F5E47 /* README.txt in Resources */,
			);
			runOnlyForDeploymentPostprocessing = 0;
		};
/* End PBXResourcesBuildPhase section */

/* Begin PBXSourcesBuildPhase section */
		EE5038A61755DB0F007F5E47 /* Sources */ = {
			isa = PBXSourcesBuildPhase;
			buildActionMask = 2147483647;
			files = (
				EE5038BA1755DB0F007F5E47 /* main.m in Sources */,
				EE5038BE1755DB0F007F5E47 /* NAAppDelegate.m in Sources */,
				EE5038C71755DB10007F5E47 /* NAViewController.m in Sources */,
				EE5038D71755E029007F5E47 /* Network.m in Sources */,
				EE503AA01756F7F4007F5E47 /* AsyncSocket.m in Sources */,
				EE503AA11756F7F4007F5E47 /* AsyncUdpSocket.m in Sources */,
				EE503AA21756F7F4007F5E47 /* GCDAsyncSocket.m in Sources */,
				EE503AA31756F7F4007F5E47 /* GCDAsyncUdpSocket.m in Sources */,
				EE503AA41756F7F4007F5E47 /* DDAbstractDatabaseLogger.m in Sources */,
				EE503AA51756F7F4007F5E47 /* DDASLLogger.m in Sources */,
				EE503AA61756F7F4007F5E47 /* DDFileLogger.m in Sources */,
				EE503AA71756F7F4007F5E47 /* DDLog.m in Sources */,
				EE503AA81756F7F4007F5E47 /* DDTTYLogger.m in Sources */,
				EE503AA91756F7F4007F5E47 /* ContextFilterLogFormatter.m in Sources */,
				EE503AAA1756F7F4007F5E47 /* DispatchQueueLogFormatter.m in Sources */,
			);
			runOnlyForDeploymentPostprocessing = 0;
		};
/* End PBXSourcesBuildPhase section */

/* Begin PBXVariantGroup section */
		EE5038B61755DB0F007F5E47 /* InfoPlist.strings */ = {
			isa = PBXVariantGroup;
			children = (
				EE5038B71755DB0F007F5E47 /* en */,
			);
			name = InfoPlist.strings;
			sourceTree = "<group>";
		};
		EE5038C81755DB10007F5E47 /* NAViewController_iPhone.xib */ = {
			isa = PBXVariantGroup;
			children = (
				EE5038C91755DB10007F5E47 /* en */,
			);
			name = NAViewController_iPhone.xib;
			sourceTree = "<group>";
		};
		EE5038CB1755DB10007F5E47 /* NAViewController_iPad.xib */ = {
			isa = PBXVariantGroup;
			children = (
				EE5038CC1755DB10007F5E47 /* en */,
			);
			name = NAViewController_iPad.xib;
			sourceTree = "<group>";
		};
/* End PBXVariantGroup section */

/* Begin XCBuildConfiguration section */
		EE5038CE1755DB10007F5E47 /* Debug */ = {
			isa = XCBuildConfiguration;
			buildSettings = {
				ALWAYS_SEARCH_USER_PATHS = NO;
				CLANG_CXX_LANGUAGE_STANDARD = "gnu++0x";
				CLANG_CXX_LIBRARY = "libc++";
				CLANG_WARN_CONSTANT_CONVERSION = YES;
				CLANG_WARN_EMPTY_BODY = YES;
				CLANG_WARN_ENUM_CONVERSION = YES;
				CLANG_WARN_INT_CONVERSION = YES;
				CLANG_WARN__DUPLICATE_METHOD_MATCH = YES;
				"CODE_SIGN_IDENTITY[sdk=iphoneos*]" = "iPhone Developer";
				COPY_PHASE_STRIP = NO;
				GCC_C_LANGUAGE_STANDARD = gnu99;
				GCC_DYNAMIC_NO_PIC = NO;
				GCC_OPTIMIZATION_LEVEL = 0;
				GCC_PREPROCESSOR_DEFINITIONS = (
					"DEBUG=1",
					"$(inherited)",
				);
				GCC_SYMBOLS_PRIVATE_EXTERN = NO;
				GCC_WARN_ABOUT_RETURN_TYPE = YES;
				GCC_WARN_UNINITIALIZED_AUTOS = YES;
				GCC_WARN_UNUSED_VARIABLE = YES;
				IPHONEOS_DEPLOYMENT_TARGET = 5.0;
				ONLY_ACTIVE_ARCH = YES;
				SDKROOT = iphoneos;
				TARGETED_DEVICE_FAMILY = "1,2";
			};
			name = Debug;
		};
		EE5038CF1755DB10007F5E47 /* Release */ = {
			isa = XCBuildConfiguration;
			buildSettings = {
				ALWAYS_SEARCH_USER_PATHS = NO;
				CLANG_CXX_LANGUAGE_STANDARD = "gnu++0x";
				CLANG_CXX_LIBRARY = "libc++";
				CLANG_WARN_CONSTANT_CONVERSION = YES;
				CLANG_WARN_EMPTY_BODY = YES;
				CLANG_WARN_ENUM_CONVERSION = YES;
				CLANG_WARN_INT_CONVERSION = YES;
				CLANG_WARN__DUPLICATE_METHOD_MATCH = YES;
				"CODE_SIGN_IDENTITY[sdk=iphoneos*]" = "iPhone Developer";
				COPY_PHASE_STRIP = YES;
				GCC_C_LANGUAGE_STANDARD = gnu99;
				GCC_WARN_ABOUT_RETURN_TYPE = YES;
				GCC_WARN_UNINITIALIZED_AUTOS = YES;
				GCC_WARN_UNUSED_VARIABLE = YES;
				IPHONEOS_DEPLOYMENT_TARGET = 5.0;
				OTHER_CFLAGS = "-DNS_BLOCK_ASSERTIONS=1";
				SDKROOT = iphoneos;
				TARGETED_DEVICE_FAMILY = "1,2";
				VALIDATE_PRODUCT = YES;
			};
			name = Release;
		};
		EE5038D11755DB10007F5E47 /* Debug */ = {
			isa = XCBuildConfiguration;
			buildSettings = {
				GCC_PRECOMPILE_PREFIX_HEADER = YES;
				GCC_PREFIX_HEADER = "NasAssistant/NasAssistant-Prefix.pch";
				INFOPLIST_FILE = "NasAssistant/NasAssistant-Info.plist";
				PRODUCT_NAME = "$(TARGET_NAME)";
				WRAPPER_EXTENSION = app;
			};
			name = Debug;
		};
		EE5038D21755DB10007F5E47 /* Release */ = {
			isa = XCBuildConfiguration;
			buildSettings = {
				GCC_PRECOMPILE_PREFIX_HEADER = YES;
				GCC_PREFIX_HEADER = "NasAssistant/NasAssistant-Prefix.pch";
				INFOPLIST_FILE = "NasAssistant/NasAssistant-Info.plist";
				PRODUCT_NAME = "$(TARGET_NAME)";
				WRAPPER_EXTENSION = app;
			};
			name = Release;
		};
/* End XCBuildConfiguration section */

/* Begin XCConfigurationList section */
		EE5038A51755DB0F007F5E47 /* Build configuration list for PBXProject "NasAssistant" */ = {
			isa = XCConfigurationList;
			buildConfigurations = (
				EE5038CE1755DB10007F5E47 /* Debug */,
				EE5038CF1755DB10007F5E47 /* Release */,
			);
			defaultConfigurationIsVisible = 0;
			defaultConfigurationName = Release;
		};
		EE5038D01755DB10007F5E47 /* Build configuration list for PBXNativeTarget "NasAssistant" */ = {
			isa = XCConfigurationList;
			buildConfigurations = (
				EE5038D11755DB10007F5E47 /* Debug */,
				EE5038D21755DB10007F5E47 /* Release */,
			);
			defaultConfigurationIsVisible = 0;
			defaultConfigurationName = Release;
		};
/* End XCConfigurationList section */
	};
	rootObject = EE5038A21755DB0F007F5E47 /* Project object */;
}
